
Microsoft Visual Studio Solution File, Format Version 12.00
# Visual Studio Version 17
VisualStudioVersion = 17.12.35707.178
MinimumVisualStudioVersion = 10.0.40219.1
Project("{FAE04EC0-301F-11D3-BF4B-00C04F79EFBC}") = "VowAI.TotalEye.Client", "VowAI.TotalEye.Client\VowAI.TotalEye.Client.csproj", "{922C5FE2-DAF8-450A-B432-316C716372E9}"
EndProject
Project("{FAE04EC0-301F-11D3-BF4B-00C04F79EFBC}") = "VowAI.TotalEye.CatchScreen", "VowAI.TotalEye.CatchScreen\VowAI.TotalEye.CatchScreen.csproj", "{C3335568-1102-4AD0-B894-C9266CC7F11D}"
EndProject
Project("{FAE04EC0-301F-11D3-BF4B-00C04F79EFBC}") = "VowAI.TotalEye.Tools", "VowAI.TotalEye.Tools\VowAI.TotalEye.Tools.csproj", "{81BD5943-5487-42E5-8DFA-956F57F6BA33}"
EndProject
Project("{FAE04EC0-301F-11D3-BF4B-00C04F79EFBC}") = "VowAI.TotalEye.ClientShared", "VowAI.TotalEye.ClientShared\VowAI.TotalEye.ClientShared.csproj", "{A4BD3649-E96B-4C72-BD94-549AE02AA779}"
EndProject
Project("{FAE04EC0-301F-11D3-BF4B-00C04F79EFBC}") = "VowAI.TotalEye.ServerShared", "VowAI.TotalEye.ServerShared\VowAI.TotalEye.ServerShared.csproj", "{8E5EE545-94EA-428A-8765-436C269BEA52}"
EndProject
Global
	GlobalSection(SolutionConfigurationPlatforms) = preSolution
		Debug|Any CPU = Debug|Any CPU
		Release|Any CPU = Release|Any CPU
	EndGlobalSection
	GlobalSection(ProjectConfigurationPlatforms) = postSolution
		{922C5FE2-DAF8-450A-B432-316C716372E9}.Debug|Any CPU.ActiveCfg = Debug|Any CPU
		{922C5FE2-DAF8-450A-B432-316C716372E9}.Debug|Any CPU.Build.0 = Debug|Any CPU
		{922C5FE2-DAF8-450A-B432-316C716372E9}.Release|Any CPU.ActiveCfg = Release|Any CPU
		{922C5FE2-DAF8-450A-B432-316C716372E9}.Release|Any CPU.Build.0 = Release|Any CPU
		{C3335568-1102-4AD0-B894-C9266CC7F11D}.Debug|Any CPU.ActiveCfg = Debug|Any CPU
		{C3335568-1102-4AD0-B894-C9266CC7F11D}.Debug|Any CPU.Build.0 = Debug|Any CPU
		{C3335568-1102-4AD0-B894-C9266CC7F11D}.Release|Any CPU.ActiveCfg = Release|Any CPU
		{C3335568-1102-4AD0-B894-C9266CC7F11D}.Release|Any CPU.Build.0 = Release|Any CPU
		{81BD5943-5487-42E5-8DFA-956F57F6BA33}.Debug|Any CPU.ActiveCfg = Debug|Any CPU
		{81BD5943-5487-42E5-8DFA-956F57F6BA33}.Debug|Any CPU.Build.0 = Debug|Any CPU
		{81BD5943-5487-42E5-8DFA-956F57F6BA33}.Release|Any CPU.ActiveCfg = Release|Any CPU
		{81BD5943-5487-42E5-8DFA-956F57F6BA33}.Release|Any CPU.Build.0 = Release|Any CPU
		{A4BD3649-E96B-4C72-BD94-549AE02AA779}.Debug|Any CPU.ActiveCfg = Debug|Any CPU
		{A4BD3649-E96B-4C72-BD94-549AE02AA779}.Debug|Any CPU.Build.0 = Debug|Any CPU
		{A4BD3649-E96B-4C72-BD94-549AE02AA779}.Release|Any CPU.ActiveCfg = Release|Any CPU
		{A4BD3649-E96B-4C72-BD94-549AE02AA779}.Release|Any CPU.Build.0 = Release|Any CPU
		{8E5EE545-94EA-428A-8765-436C269BEA52}.Debug|Any CPU.ActiveCfg = Debug|Any CPU
		{8E5EE545-94EA-428A-8765-436C269BEA52}.Debug|Any CPU.Build.0 = Debug|Any CPU
		{8E5EE545-94EA-428A-8765-436C269BEA52}.Release|Any CPU.ActiveCfg = Release|Any CPU
		{8E5EE545-94EA-428A-8765-436C269BEA52}.Release|Any CPU.Build.0 = Release|Any CPU
	EndGlobalSection
	GlobalSection(SolutionProperties) = preSolution
		HideSolutionNode = FALSE
	EndGlobalSection
EndGlobal
